// !$*UTF8*$!
{
	archiveVersion = 1;
	classes = {
	};
	objectVersion = 56;
	objects = {

/* Begin PBXBuildFile section */
		9A1733B72C01BBFD00E7D4CC /* AppDelegate.swift in Sources */ = {isa = PBXBuildFile; fileRef = 9A1733B62C01BBFD00E7D4CC /* AppDelegate.swift */; };
		9A1733B92C01BBFD00E7D4CC /* SceneDelegate.swift in Sources */ = {isa = PBXBuildFile; fileRef = 9A1733B82C01BBFD00E7D4CC /* SceneDelegate.swift */; };
		9A1733BB2C01BBFD00E7D4CC /* MainScreen.swift in Sources */ = {isa = PBXBuildFile; fileRef = 9A1733BA2C01BBFD00E7D4CC /* MainScreen.swift */; };
		9A1733BE2C01BBFD00E7D4CC /* Main.storyboard in Resources */ = {isa = PBXBuildFile; fileRef = 9A1733BC2C01BBFD00E7D4CC /* Main.storyboard */; };
		9A1733C02C01BBFE00E7D4CC /* Assets.xcassets in Resources */ = {isa = PBXBuildFile; fileRef = 9A1733BF2C01BBFE00E7D4CC /* Assets.xcassets */; };
		9A1733C32C01BBFE00E7D4CC /* LaunchScreen.storyboard in Resources */ = {isa = PBXBuildFile; fileRef = 9A1733C12C01BBFE00E7D4CC /* LaunchScreen.storyboard */; };
		9A1733CB2C01CBBE00E7D4CC /* SaveScreen.swift in Sources */ = {isa = PBXBuildFile; fileRef = 9A1733CA2C01CBBE00E7D4CC /* SaveScreen.swift */; };
		9A1733CD2C01CC5800E7D4CC /* UpdateScreen.swift in Sources */ = {isa = PBXBuildFile; fileRef = 9A1733CC2C01CC5800E7D4CC /* UpdateScreen.swift */; };
		9A1733D02C01D75A00E7D4CC /* Pacifico-Regular.ttf in Resources */ = {isa = PBXBuildFile; fileRef = 9A1733CF2C01D75A00E7D4CC /* Pacifico-Regular.ttf */; };
		9A1733F42C02033B00E7D4CC /* ToDos.swift in Sources */ = {isa = PBXBuildFile; fileRef = 9A1733F32C02033B00E7D4CC /* ToDos.swift */; };
		9A1733F62C0227DA00E7D4CC /* ToDoCell.swift in Sources */ = {isa = PBXBuildFile; fileRef = 9A1733F52C0227DA00E7D4CC /* ToDoCell.swift */; };
		9A8FAA432C031E4A00518ACF /* ToDosDaoRepository.swift in Sources */ = {isa = PBXBuildFile; fileRef = 9A8FAA422C031E4A00518ACF /* ToDosDaoRepository.swift */; };
		9A8FAA462C031EA500518ACF /* MainViewModel.swift in Sources */ = {isa = PBXBuildFile; fileRef = 9A8FAA452C031EA500518ACF /* MainViewModel.swift */; };
		9A8FAA482C031EB600518ACF /* SaveViewModel.swift in Sources */ = {isa = PBXBuildFile; fileRef = 9A8FAA472C031EB600518ACF /* SaveViewModel.swift */; };
		9A8FAA4A2C031EC400518ACF /* UpdateViewModel.swift in Sources */ = {isa = PBXBuildFile; fileRef = 9A8FAA492C031EC400518ACF /* UpdateViewModel.swift */; };
		9A8FAA4D2C03280200518ACF /* RxSwift in Frameworks */ = {isa = PBXBuildFile; productRef = 9A8FAA4C2C03280200518ACF /* RxSwift */; };
		9A8FAA502C034FC100518ACF /* Model.xcdatamodeld in Sources */ = {isa = PBXBuildFile; fileRef = 9A8FAA4E2C034FC100518ACF /* Model.xcdatamodeld */; };
/* End PBXBuildFile section */

/* Begin PBXFileReference section */
		9A1733B32C01BBFD00E7D4CC /* ToDosApp.app */ = {isa = PBXFileReference; explicitFileType = wrapper.application; includeInIndex = 0; path = ToDosApp.app; sourceTree = BUILT_PRODUCTS_DIR; };
		9A1733B62C01BBFD00E7D4CC /* AppDelegate.swift */ = {isa = PBXFileReference; lastKnownFileType = sourcecode.swift; path = AppDelegate.swift; sourceTree = "<group>"; };
		9A1733B82C01BBFD00E7D4CC /* SceneDelegate.swift */ = {isa = PBXFileReference; lastKnownFileType = sourcecode.swift; path = SceneDelegate.swift; sourceTree = "<group>"; };
		9A1733BA2C01BBFD00E7D4CC /* MainScreen.swift */ = {isa = PBXFileReference; lastKnownFileType = sourcecode.swift; path = MainScreen.swift; sourceTree = "<group>"; };
		9A1733BD2C01BBFD00E7D4CC /* Base */ = {isa = PBXFileReference; lastKnownFileType = file.storyboard; name = Base; path = Base.lproj/Main.storyboard; sourceTree = "<group>"; };
		9A1733BF2C01BBFE00E7D4CC /* Assets.xcassets */ = {isa = PBXFileReference; lastKnownFileType = folder.assetcatalog; path = Assets.xcassets; sourceTree = "<group>"; };
		9A1733C22C01BBFE00E7D4CC /* Base */ = {isa = PBXFileReference; lastKnownFileType = file.storyboard; name = Base; path = Base.lproj/LaunchScreen.storyboard; sourceTree = "<group>"; };
		9A1733C42C01BBFE00E7D4CC /* Info.plist */ = {isa = PBXFileReference; lastKnownFileType = text.plist.xml; path = Info.plist; sourceTree = "<group>"; };
		9A1733CA2C01CBBE00E7D4CC /* SaveScreen.swift */ = {isa = PBXFileReference; lastKnownFileType = sourcecode.swift; path = SaveScreen.swift; sourceTree = "<group>"; };
		9A1733CC2C01CC5800E7D4CC /* UpdateScreen.swift */ = {isa = PBXFileReference; lastKnownFileType = sourcecode.swift; path = UpdateScreen.swift; sourceTree = "<group>"; };
		9A1733CF2C01D75A00E7D4CC /* Pacifico-Regular.ttf */ = {isa = PBXFileReference; lastKnownFileType = file; path = "Pacifico-Regular.ttf"; sourceTree = "<group>"; };
		9A1733F32C02033B00E7D4CC /* ToDos.swift */ = {isa = PBXFileReference; lastKnownFileType = sourcecode.swift; path = ToDos.swift; sourceTree = "<group>"; };
		9A1733F52C0227DA00E7D4CC /* ToDoCell.swift */ = {isa = PBXFileReference; lastKnownFileType = sourcecode.swift; path = ToDoCell.swift; sourceTree = "<group>"; };
		9A8FAA422C031E4A00518ACF /* ToDosDaoRepository.swift */ = {isa = PBXFileReference; lastKnownFileType = sourcecode.swift; path = ToDosDaoRepository.swift; sourceTree = "<group>"; };
		9A8FAA452C031EA500518ACF /* MainViewModel.swift */ = {isa = PBXFileReference; lastKnownFileType = sourcecode.swift; path = MainViewModel.swift; sourceTree = "<group>"; };
		9A8FAA472C031EB600518ACF /* SaveViewModel.swift */ = {isa = PBXFileReference; lastKnownFileType = sourcecode.swift; path = SaveViewModel.swift; sourceTree = "<group>"; };
		9A8FAA492C031EC400518ACF /* UpdateViewModel.swift */ = {isa = PBXFileReference; lastKnownFileType = sourcecode.swift; path = UpdateViewModel.swift; sourceTree = "<group>"; };
		9A8FAA4F2C034FC100518ACF /* Model.xcdatamodel */ = {isa = PBXFileReference; lastKnownFileType = wrapper.xcdatamodel; path = Model.xcdatamodel; sourceTree = "<group>"; };
/* End PBXFileReference section */

/* Begin PBXFrameworksBuildPhase section */
		9A1733B02C01BBFD00E7D4CC /* Frameworks */ = {
			isa = PBXFrameworksBuildPhase;
			buildActionMask = 2147483647;
			files = (
				9A8FAA4D2C03280200518ACF /* RxSwift in Frameworks */,
			);
			runOnlyForDeploymentPostprocessing = 0;
		};
/* End PBXFrameworksBuildPhase section */

/* Begin PBXGroup section */
		9A1733AA2C01BBFD00E7D4CC = {
			isa = PBXGroup;
			children = (
				9A1733B52C01BBFD00E7D4CC /* ToDosApp */,
				9A1733B42C01BBFD00E7D4CC /* Products */,
			);
			sourceTree = "<group>";
		};
		9A1733B42C01BBFD00E7D4CC /* Products */ = {
			isa = PBXGroup;
			children = (
				9A1733B32C01BBFD00E7D4CC /* ToDosApp.app */,
			);
			name = Products;
			sourceTree = "<group>";
		};
		9A1733B52C01BBFD00E7D4CC /* ToDosApp */ = {
			isa = PBXGroup;
			children = (
				9A1733B62C01BBFD00E7D4CC /* AppDelegate.swift */,
				9A1733B82C01BBFD00E7D4CC /* SceneDelegate.swift */,
				9A8FAA3D2C031CF200518ACF /* Data */,
				9A1733CE2C01D6E100E7D4CC /* Fonts */,
				9A8FAA3C2C031CE100518ACF /* UI */,
				9A1733BC2C01BBFD00E7D4CC /* Main.storyboard */,
				9A1733BF2C01BBFE00E7D4CC /* Assets.xcassets */,
				9A1733C12C01BBFE00E7D4CC /* LaunchScreen.storyboard */,
				9A1733C42C01BBFE00E7D4CC /* Info.plist */,
				9A8FAA4E2C034FC100518ACF /* Model.xcdatamodeld */,
			);
			path = ToDosApp;
			sourceTree = "<group>";
		};
		9A1733CE2C01D6E100E7D4CC /* Fonts */ = {
			isa = PBXGroup;
			children = (
				9A1733CF2C01D75A00E7D4CC /* Pacifico-Regular.ttf */,
			);
			path = Fonts;
			sourceTree = "<group>";
		};
		9A8FAA3C2C031CE100518ACF /* UI */ = {
			isa = PBXGroup;
			children = (
				9A8FAA442C031E7800518ACF /* ViewModel */,
				9A8FAA402C031D3F00518ACF /* TableView */,
				9A8FAA3F2C031D2800518ACF /* View */,
			);
			path = UI;
			sourceTree = "<group>";
		};
		9A8FAA3D2C031CF200518ACF /* Data */ = {
			isa = PBXGroup;
			children = (
				9A8FAA412C031DF500518ACF /* Repo */,
				9A8FAA3E2C031D0700518ACF /* Entity */,
			);
			path = Data;
			sourceTree = "<group>";
		};
		9A8FAA3E2C031D0700518ACF /* Entity */ = {
			isa = PBXGroup;
			children = (
				9A1733F32C02033B00E7D4CC /* ToDos.swift */,
			);
			path = Entity;
			sourceTree = "<group>";
		};
		9A8FAA3F2C031D2800518ACF /* View */ = {
			isa = PBXGroup;
			children = (
				9A1733BA2C01BBFD00E7D4CC /* MainScreen.swift */,
				9A1733CA2C01CBBE00E7D4CC /* SaveScreen.swift */,
				9A1733CC2C01CC5800E7D4CC /* UpdateScreen.swift */,
			);
			path = View;
			sourceTree = "<group>";
		};
		9A8FAA402C031D3F00518ACF /* TableView */ = {
			isa = PBXGroup;
			children = (
				9A1733F52C0227DA00E7D4CC /* ToDoCell.swift */,
			);
			path = TableView;
			sourceTree = "<group>";
		};
		9A8FAA412C031DF500518ACF /* Repo */ = {
			isa = PBXGroup;
			children = (
				9A8FAA422C031E4A00518ACF /* ToDosDaoRepository.swift */,
			);
			path = Repo;
			sourceTree = "<group>";
		};
		9A8FAA442C031E7800518ACF /* ViewModel */ = {
			isa = PBXGroup;
			children = (
				9A8FAA452C031EA500518ACF /* MainViewModel.swift */,
				9A8FAA472C031EB600518ACF /* SaveViewModel.swift */,
				9A8FAA492C031EC400518ACF /* UpdateViewModel.swift */,
			);
			path = ViewModel;
			sourceTree = "<group>";
		};
/* End PBXGroup section */

/* Begin PBXNativeTarget section */
		9A1733B22C01BBFD00E7D4CC /* ToDosApp */ = {
			isa = PBXNativeTarget;
			buildConfigurationList = 9A1733C72C01BBFE00E7D4CC /* Build configuration list for PBXNativeTarget "ToDosApp" */;
			buildPhases = (
				9A1733AF2C01BBFD00E7D4CC /* Sources */,
				9A1733B02C01BBFD00E7D4CC /* Frameworks */,
				9A1733B12C01BBFD00E7D4CC /* Resources */,
			);
			buildRules = (
			);
			dependencies = (
			);
			name = ToDosApp;
			packageProductDependencies = (
				9A8FAA4C2C03280200518ACF /* RxSwift */,
			);
			productName = ToDosApp;
			productReference = 9A1733B32C01BBFD00E7D4CC /* ToDosApp.app */;
			productType = "com.apple.product-type.application";
		};
/* End PBXNativeTarget section */

/* Begin PBXProject section */
		9A1733AB2C01BBFD00E7D4CC /* Project object */ = {
			isa = PBXProject;
			attributes = {
				BuildIndependentTargetsInParallel = 1;
				LastSwiftUpdateCheck = 1430;
				LastUpgradeCheck = 1430;
				TargetAttributes = {
					9A1733B22C01BBFD00E7D4CC = {
						CreatedOnToolsVersion = 14.3;
					};
				};
			};
			buildConfigurationList = 9A1733AE2C01BBFD00E7D4CC /* Build configuration list for PBXProject "ToDosApp" */;
			compatibilityVersion = "Xcode 14.0";
			developmentRegion = en;
			hasScannedForEncodings = 0;
			knownRegions = (
				en,
				Base,
			);
			mainGroup = 9A1733AA2C01BBFD00E7D4CC;
			packageReferences = (
				9A8FAA4B2C03280200518ACF /* XCRemoteSwiftPackageReference "RxSwift" */,
			);
			productRefGroup = 9A1733B42C01BBFD00E7D4CC /* Products */;
			projectDirPath = "";
			projectRoot = "";
			targets = (
				9A1733B22C01BBFD00E7D4CC /* ToDosApp */,
			);
		};
/* End PBXProject section */

/* Begin PBXResourcesBuildPhase section */
		9A1733B12C01BBFD00E7D4CC /* Resources */ = {
			isa = PBXResourcesBuildPhase;
			buildActionMask = 2147483647;
			files = (
				9A1733C32C01BBFE00E7D4CC /* LaunchScreen.storyboard in Resources */,
				9A1733D02C01D75A00E7D4CC /* Pacifico-Regular.ttf in Resources */,
				9A1733C02C01BBFE00E7D4CC /* Assets.xcassets in Resources */,
				9A1733BE2C01BBFD00E7D4CC /* Main.storyboard in Resources */,
			);
			runOnlyForDeploymentPostprocessing = 0;
		};
/* End PBXResourcesBuildPhase section */

/* Begin PBXSourcesBuildPhase section */
		9A1733AF2C01BBFD00E7D4CC /* Sources */ = {
			isa = PBXSourcesBuildPhase;
			buildActionMask = 2147483647;
			files = (
				9A8FAA432C031E4A00518ACF /* ToDosDaoRepository.swift in Sources */,
				9A8FAA4A2C031EC400518ACF /* UpdateViewModel.swift in Sources */,
				9A1733CD2C01CC5800E7D4CC /* UpdateScreen.swift in Sources */,
				9A1733BB2C01BBFD00E7D4CC /* MainScreen.swift in Sources */,
				9A1733F62C0227DA00E7D4CC /* ToDoCell.swift in Sources */,
				9A1733B72C01BBFD00E7D4CC /* AppDelegate.swift in Sources */,
				9A1733CB2C01CBBE00E7D4CC /* SaveScreen.swift in Sources */,
				9A1733B92C01BBFD00E7D4CC /* SceneDelegate.swift in Sources */,
				9A8FAA482C031EB600518ACF /* SaveViewModel.swift in Sources */,
				9A1733F42C02033B00E7D4CC /* ToDos.swift in Sources */,
				9A8FAA462C031EA500518ACF /* MainViewModel.swift in Sources */,
				9A8FAA502C034FC100518ACF /* Model.xcdatamodeld in Sources */,
			);
			runOnlyForDeploymentPostprocessing = 0;
		};
/* End PBXSourcesBuildPhase section */

/* Begin PBXVariantGroup section */
		9A1733BC2C01BBFD00E7D4CC /* Main.storyboard */ = {
			isa = PBXVariantGroup;
			children = (
				9A1733BD2C01BBFD00E7D4CC /* Base */,
			);
			name = Main.storyboard;
			sourceTree = "<group>";
		};
		9A1733C12C01BBFE00E7D4CC /* LaunchScreen.storyboard */ = {
			isa = PBXVariantGroup;
			children = (
				9A1733C22C01BBFE00E7D4CC /* Base */,
			);
			name = LaunchScreen.storyboard;
			sourceTree = "<group>";
		};
/* End PBXVariantGroup section */

/* Begin XCBuildConfiguration section */
		9A1733C52C01BBFE00E7D4CC /* Debug */ = {
			isa = XCBuildConfiguration;
			buildSettings = {
				ALWAYS_SEARCH_USER_PATHS = NO;
				CLANG_ANALYZER_NONNULL = YES;
				CLANG_ANALYZER_NUMBER_OBJECT_CONVERSION = YES_AGGRESSIVE;
				CLANG_CXX_LANGUAGE_STANDARD = "gnu++20";
				CLANG_ENABLE_MODULES = YES;
				CLANG_ENABLE_OBJC_ARC = YES;
				CLANG_ENABLE_OBJC_WEAK = YES;
				CLANG_WARN_BLOCK_CAPTURE_AUTORELEASING = YES;
				CLANG_WARN_BOOL_CONVERSION = YES;
				CLANG_WARN_COMMA = YES;
				CLANG_WARN_CONSTANT_CONVERSION = YES;
				CLANG_WARN_DEPRECATED_OBJC_IMPLEMENTATIONS = YES;
				CLANG_WARN_DIRECT_OBJC_ISA_USAGE = YES_ERROR;
				CLANG_WARN_DOCUMENTATION_COMMENTS = YES;
				CLANG_WARN_EMPTY_BODY = YES;
				CLANG_WARN_ENUM_CONVERSION = YES;
				CLANG_WARN_INFINITE_RECURSION = YES;
				CLANG_WARN_INT_CONVERSION = YES;
				CLANG_WARN_NON_LITERAL_NULL_CONVERSION = YES;
				CLANG_WARN_OBJC_IMPLICIT_RETAIN_SELF = YES;
				CLANG_WARN_OBJC_LITERAL_CONVERSION = YES;
				CLANG_WARN_OBJC_ROOT_CLASS = YES_ERROR;
				CLANG_WARN_QUOTED_INCLUDE_IN_FRAMEWORK_HEADER = YES;
				CLANG_WARN_RANGE_LOOP_ANALYSIS = YES;
				CLANG_WARN_STRICT_PROTOTYPES = YES;
				CLANG_WARN_SUSPICIOUS_MOVE = YES;
				CLANG_WARN_UNGUARDED_AVAILABILITY = YES_AGGRESSIVE;
				CLANG_WARN_UNREACHABLE_CODE = YES;
				CLANG_WARN__DUPLICATE_METHOD_MATCH = YES;
				COPY_PHASE_STRIP = NO;
				DEBUG_INFORMATION_FORMAT = dwarf;
				ENABLE_STRICT_OBJC_MSGSEND = YES;
				ENABLE_TESTABILITY = YES;
				GCC_C_LANGUAGE_STANDARD = gnu11;
				GCC_DYNAMIC_NO_PIC = NO;
				GCC_NO_COMMON_BLOCKS = YES;
				GCC_OPTIMIZATION_LEVEL = 0;
				GCC_PREPROCESSOR_DEFINITIONS = (
					"DEBUG=1",
					"$(inherited)",
				);
				GCC_WARN_64_TO_32_BIT_CONVERSION = YES;
				GCC_WARN_ABOUT_RETURN_TYPE = YES_ERROR;
				GCC_WARN_UNDECLARED_SELECTOR = YES;
				GCC_WARN_UNINITIALIZED_AUTOS = YES_AGGRESSIVE;
				GCC_WARN_UNUSED_FUNCTION = YES;
				GCC_WARN_UNUSED_VARIABLE = YES;
				IPHONEOS_DEPLOYMENT_TARGET = 16.4;
				MTL_ENABLE_DEBUG_INFO = INCLUDE_SOURCE;
				MTL_FAST_MATH = YES;
				ONLY_ACTIVE_ARCH = YES;
				SDKROOT = iphoneos;
				SWIFT_ACTIVE_COMPILATION_CONDITIONS = DEBUG;
				SWIFT_OPTIMIZATION_LEVEL = "-Onone";
			};
			name = Debug;
		};
		9A1733C62C01BBFE00E7D4CC /* Release */ = {
			isa = XCBuildConfiguration;
			buildSettings = {
				ALWAYS_SEARCH_USER_PATHS = NO;
				CLANG_ANALYZER_NONNULL = YES;
				CLANG_ANALYZER_NUMBER_OBJECT_CONVERSION = YES_AGGRESSIVE;
				CLANG_CXX_LANGUAGE_STANDARD = "gnu++20";
				CLANG_ENABLE_MODULES = YES;
				CLANG_ENABLE_OBJC_ARC = YES;
				CLANG_ENABLE_OBJC_WEAK = YES;
				CLANG_WARN_BLOCK_CAPTURE_AUTORELEASING = YES;
				CLANG_WARN_BOOL_CONVERSION = YES;
				CLANG_WARN_COMMA = YES;
				CLANG_WARN_CONSTANT_CONVERSION = YES;
				CLANG_WARN_DEPRECATED_OBJC_IMPLEMENTATIONS = YES;
				CLANG_WARN_DIRECT_OBJC_ISA_USAGE = YES_ERROR;
				CLANG_WARN_DOCUMENTATION_COMMENTS = YES;
				CLANG_WARN_EMPTY_BODY = YES;
				CLANG_WARN_ENUM_CONVERSION = YES;
				CLANG_WARN_INFINITE_RECURSION = YES;
				CLANG_WARN_INT_CONVERSION = YES;
				CLANG_WARN_NON_LITERAL_NULL_CONVERSION = YES;
				CLANG_WARN_OBJC_IMPLICIT_RETAIN_SELF = YES;
				CLANG_WARN_OBJC_LITERAL_CONVERSION = YES;
				CLANG_WARN_OBJC_ROOT_CLASS = YES_ERROR;
				CLANG_WARN_QUOTED_INCLUDE_IN_FRAMEWORK_HEADER = YES;
				CLANG_WARN_RANGE_LOOP_ANALYSIS = YES;
				CLANG_WARN_STRICT_PROTOTYPES = YES;
				CLANG_WARN_SUSPICIOUS_MOVE = YES;
				CLANG_WARN_UNGUARDED_AVAILABILITY = YES_AGGRESSIVE;
				CLANG_WARN_UNREACHABLE_CODE = YES;
				CLANG_WARN__DUPLICATE_METHOD_MATCH = YES;
				COPY_PHASE_STRIP = NO;
				DEBUG_INFORMATION_FORMAT = "dwarf-with-dsym";
				ENABLE_NS_ASSERTIONS = NO;
				ENABLE_STRICT_OBJC_MSGSEND = YES;
				GCC_C_LANGUAGE_STANDARD = gnu11;
				GCC_NO_COMMON_BLOCKS = YES;
				GCC_WARN_64_TO_32_BIT_CONVERSION = YES;
				GCC_WARN_ABOUT_RETURN_TYPE = YES_ERROR;
				GCC_WARN_UNDECLARED_SELECTOR = YES;
				GCC_WARN_UNINITIALIZED_AUTOS = YES_AGGRESSIVE;
				GCC_WARN_UNUSED_FUNCTION = YES;
				GCC_WARN_UNUSED_VARIABLE = YES;
				IPHONEOS_DEPLOYMENT_TARGET = 16.4;
				MTL_ENABLE_DEBUG_INFO = NO;
				MTL_FAST_MATH = YES;
				SDKROOT = iphoneos;
				SWIFT_COMPILATION_MODE = wholemodule;
				SWIFT_OPTIMIZATION_LEVEL = "-O";
				VALIDATE_PRODUCT = YES;
			};
			name = Release;
		};
		9A1733C82C01BBFE00E7D4CC /* Debug */ = {
			isa = XCBuildConfiguration;
			buildSettings = {
				ASSETCATALOG_COMPILER_APPICON_NAME = AppIcon;
				ASSETCATALOG_COMPILER_GLOBAL_ACCENT_COLOR_NAME = AccentColor;
				CODE_SIGN_STYLE = Automatic;
				CURRENT_PROJECT_VERSION = 1;
				GENERATE_INFOPLIST_FILE = YES;
				INFOPLIST_FILE = ToDosApp/Info.plist;
				INFOPLIST_KEY_CFBundleDisplayName = ToDos;
				INFOPLIST_KEY_UIApplicationSupportsIndirectInputEvents = YES;
				INFOPLIST_KEY_UILaunchStoryboardName = LaunchScreen;
				INFOPLIST_KEY_UIMainStoryboardFile = Main;
				INFOPLIST_KEY_UISupportedInterfaceOrientations_iPad = "UIInterfaceOrientationPortrait UIInterfaceOrientationPortraitUpsideDown UIInterfaceOrientationLandscapeLeft UIInterfaceOrientationLandscapeRight";
				INFOPLIST_KEY_UISupportedInterfaceOrientations_iPhone = "UIInterfaceOrientationPortrait UIInterfaceOrientationLandscapeLeft UIInterfaceOrientationLandscapeRight";
				LD_RUNPATH_SEARCH_PATHS = (
					"$(inherited)",
					"@executable_path/Frameworks",
				);
				MARKETING_VERSION = 1.0;
				PRODUCT_BUNDLE_IDENTIFIER = beste.ToDosApp;
				PRODUCT_NAME = "$(TARGET_NAME)";
				SWIFT_EMIT_LOC_STRINGS = YES;
				SWIFT_VERSION = 5.0;
				TARGETED_DEVICE_FAMILY = "1,2";
			};
			name = Debug;
		};
		9A1733C92C01BBFE00E7D4CC /* Release */ = {
			isa = XCBuildConfiguration;
			buildSettings = {
				ASSETCATALOG_COMPILER_APPICON_NAME = AppIcon;
				ASSETCATALOG_COMPILER_GLOBAL_ACCENT_COLOR_NAME = AccentColor;
				CODE_SIGN_STYLE = Automatic;
				CURRENT_PROJECT_VERSION = 1;
				GENERATE_INFOPLIST_FILE = YES;
				INFOPLIST_FILE = ToDosApp/Info.plist;
				INFOPLIST_KEY_CFBundleDisplayName = ToDos;
				INFOPLIST_KEY_UIApplicationSupportsIndirectInputEvents = YES;
				INFOPLIST_KEY_UILaunchStoryboardName = LaunchScreen;
				INFOPLIST_KEY_UIMainStoryboardFile = Main;
				INFOPLIST_KEY_UISupportedInterfaceOrientations_iPad = "UIInterfaceOrientationPortrait UIInterfaceOrientationPortraitUpsideDown UIInterfaceOrientationLandscapeLeft UIInterfaceOrientationLandscapeRight";
				INFOPLIST_KEY_UISupportedInterfaceOrientations_iPhone = "UIInterfaceOrientationPortrait UIInterfaceOrientationLandscapeLeft UIInterfaceOrientationLandscapeRight";
				LD_RUNPATH_SEARCH_PATHS = (
					"$(inherited)",
					"@executable_path/Frameworks",
				);
				MARKETING_VERSION = 1.0;
				PRODUCT_BUNDLE_IDENTIFIER = beste.ToDosApp;
				PRODUCT_NAME = "$(TARGET_NAME)";
				SWIFT_EMIT_LOC_STRINGS = YES;
				SWIFT_VERSION = 5.0;
				TARGETED_DEVICE_FAMILY = "1,2";
			};
			name = Release;
		};
/* End XCBuildConfiguration section */

/* Begin XCConfigurationList section */
		9A1733AE2C01BBFD00E7D4CC /* Build configuration list for PBXProject "ToDosApp" */ = {
			isa = XCConfigurationList;
			buildConfigurations = (
				9A1733C52C01BBFE00E7D4CC /* Debug */,
				9A1733C62C01BBFE00E7D4CC /* Release */,
			);
			defaultConfigurationIsVisible = 0;
			defaultConfigurationName = Release;
		};
		9A1733C72C01BBFE00E7D4CC /* Build configuration list for PBXNativeTarget "ToDosApp" */ = {
			isa = XCConfigurationList;
			buildConfigurations = (
				9A1733C82C01BBFE00E7D4CC /* Debug */,
				9A1733C92C01BBFE00E7D4CC /* Release */,
			);
			defaultConfigurationIsVisible = 0;
			defaultConfigurationName = Release;
		};
/* End XCConfigurationList section */

/* Begin XCRemoteSwiftPackageReference section */
		9A8FAA4B2C03280200518ACF /* XCRemoteSwiftPackageReference "RxSwift" */ = {
			isa = XCRemoteSwiftPackageReference;
			repositoryURL = "https://github.com/ReactiveX/RxSwift.git";
			requirement = {
				kind = upToNextMajorVersion;
				minimumVersion = 6.0.0;
			};
		};
/* End XCRemoteSwiftPackageReference section */

/* Begin XCSwiftPackageProductDependency section */
		9A8FAA4C2C03280200518ACF /* RxSwift */ = {
			isa = XCSwiftPackageProductDependency;
			package = 9A8FAA4B2C03280200518ACF /* XCRemoteSwiftPackageReference "RxSwift" */;
			productName = RxSwift;
		};
/* End XCSwiftPackageProductDependency section */

/* Begin XCVersionGroup section */
		9A8FAA4E2C034FC100518ACF /* Model.xcdatamodeld */ = {
			isa = XCVersionGroup;
			children = (
				9A8FAA4F2C034FC100518ACF /* Model.xcdatamodel */,
			);
			currentVersion = 9A8FAA4F2C034FC100518ACF /* Model.xcdatamodel */;
			path = Model.xcdatamodeld;
			sourceTree = "<group>";
			versionGroupType = wrapper.xcdatamodel;
		};
/* End XCVersionGroup section */
	};
	rootObject = 9A1733AB2C01BBFD00E7D4CC /* Project object */;
}
